// !$*UTF8*$!
{
	archiveVersion = 1;
	classes = {
	};
	objectVersion = 56;
	objects = {

/* Begin PBXBuildFile section */
		987CAB8605CD43C74EF39B63 /* Pods_Instagram_Clone.framework in Frameworks */ = {isa = PBXBuildFile; fileRef = C223E192C369E046B8E7A360 /* Pods_Instagram_Clone.framework */; };
		AD0BB4182A05846E00AEAECE /* Models.swift in Sources */ = {isa = PBXBuildFile; fileRef = AD0BB4172A05846E00AEAECE /* Models.swift */; };
		AD10F12B2A06ABAF00908303 /* NoNotificationsView.swift in Sources */ = {isa = PBXBuildFile; fileRef = AD10F12A2A06ABAF00908303 /* NoNotificationsView.swift */; };
		AD2BC13B29FD034C007691EA /* AppDelegate.swift in Sources */ = {isa = PBXBuildFile; fileRef = AD2BC13A29FD034C007691EA /* AppDelegate.swift */; };
		AD2BC13D29FD034C007691EA /* SceneDelegate.swift in Sources */ = {isa = PBXBuildFile; fileRef = AD2BC13C29FD034C007691EA /* SceneDelegate.swift */; };
		AD2BC13F29FD034C007691EA /* HomeViewController.swift in Sources */ = {isa = PBXBuildFile; fileRef = AD2BC13E29FD034C007691EA /* HomeViewController.swift */; };
		AD2BC14229FD034C007691EA /* Main.storyboard in Resources */ = {isa = PBXBuildFile; fileRef = AD2BC14029FD034C007691EA /* Main.storyboard */; };
		AD2BC14429FD034D007691EA /* Assets.xcassets in Resources */ = {isa = PBXBuildFile; fileRef = AD2BC14329FD034D007691EA /* Assets.xcassets */; };
		AD2BC14729FD034D007691EA /* LaunchScreen.storyboard in Resources */ = {isa = PBXBuildFile; fileRef = AD2BC14529FD034D007691EA /* LaunchScreen.storyboard */; };
		AD2BC15429FD09CB007691EA /* ExploreViewController.swift in Sources */ = {isa = PBXBuildFile; fileRef = AD2BC15329FD09CB007691EA /* ExploreViewController.swift */; };
		AD2BC15629FD09DE007691EA /* CameraViewController.swift in Sources */ = {isa = PBXBuildFile; fileRef = AD2BC15529FD09DE007691EA /* CameraViewController.swift */; };
		AD2BC15829FD09F1007691EA /* NotificationViewController.swift in Sources */ = {isa = PBXBuildFile; fileRef = AD2BC15729FD09F1007691EA /* NotificationViewController.swift */; };
		AD2BC15A29FD0A01007691EA /* ProfileViewController.swift in Sources */ = {isa = PBXBuildFile; fileRef = AD2BC15929FD0A01007691EA /* ProfileViewController.swift */; };
		AD2BC15F29FD0A69007691EA /* PostViewController.swift in Sources */ = {isa = PBXBuildFile; fileRef = AD2BC15E29FD0A69007691EA /* PostViewController.swift */; };
		AD2BC16129FD0A86007691EA /* EditProfileViewController.swift in Sources */ = {isa = PBXBuildFile; fileRef = AD2BC16029FD0A86007691EA /* EditProfileViewController.swift */; };
		AD2BC16329FD0A96007691EA /* SettingsViewController.swift in Sources */ = {isa = PBXBuildFile; fileRef = AD2BC16229FD0A96007691EA /* SettingsViewController.swift */; };
		AD2BC16529FD0AA8007691EA /* ListViewController.swift in Sources */ = {isa = PBXBuildFile; fileRef = AD2BC16429FD0AA8007691EA /* ListViewController.swift */; };
		AD2BC16729FD0AB8007691EA /* SearchViewController.swift in Sources */ = {isa = PBXBuildFile; fileRef = AD2BC16629FD0AB8007691EA /* SearchViewController.swift */; };
		AD2BC16929FD0AC7007691EA /* SearchResultViewController.swift in Sources */ = {isa = PBXBuildFile; fileRef = AD2BC16829FD0AC7007691EA /* SearchResultViewController.swift */; };
		AD2BC16B29FD0AE1007691EA /* PostEditorViewController.swift in Sources */ = {isa = PBXBuildFile; fileRef = AD2BC16A29FD0AE1007691EA /* PostEditorViewController.swift */; };
		AD2BC16D29FD0AFE007691EA /* PublishPostViewController.swift in Sources */ = {isa = PBXBuildFile; fileRef = AD2BC16C29FD0AFE007691EA /* PublishPostViewController.swift */; };
		AD2BC16F29FD0FA0007691EA /* GoogleService-Info.plist in Resources */ = {isa = PBXBuildFile; fileRef = AD2BC16E29FD0FA0007691EA /* GoogleService-Info.plist */; };
		AD52C0272A02D6450063A36D /* FeedPostTableViewCell.swift in Sources */ = {isa = PBXBuildFile; fileRef = AD52C0262A02D6450063A36D /* FeedPostTableViewCell.swift */; };
		AD52C02B2A02D7BF0063A36D /* FeedPostHeaderTableViewCell.swift in Sources */ = {isa = PBXBuildFile; fileRef = AD52C02A2A02D7BF0063A36D /* FeedPostHeaderTableViewCell.swift */; };
		AD52C02D2A02D7DC0063A36D /* FeedPostActionsTableViewCell.swift in Sources */ = {isa = PBXBuildFile; fileRef = AD52C02C2A02D7DC0063A36D /* FeedPostActionsTableViewCell.swift */; };
		AD52C02F2A02D8120063A36D /* FeedPostGeneralTableViewCell.swift in Sources */ = {isa = PBXBuildFile; fileRef = AD52C02E2A02D8120063A36D /* FeedPostGeneralTableViewCell.swift */; };
		AD966CA02A07D88A00A5FF43 /* NotificationFollowTableViewCell.swift in Sources */ = {isa = PBXBuildFile; fileRef = AD966C9F2A07D88A00A5FF43 /* NotificationFollowTableViewCell.swift */; };
		AD966CA22A07D8B300A5FF43 /* NotificationLikeTableViewCell.swift in Sources */ = {isa = PBXBuildFile; fileRef = AD966CA12A07D8B300A5FF43 /* NotificationLikeTableViewCell.swift */; };
		ADA9C0C02A0680D1002D5709 /* UserFollowTableViewCell.swift in Sources */ = {isa = PBXBuildFile; fileRef = ADA9C0BF2A0680D1002D5709 /* UserFollowTableViewCell.swift */; };
		ADC5444F2A03ADBC0055DA52 /* FormTableViewCell.swift in Sources */ = {isa = PBXBuildFile; fileRef = ADC5444E2A03ADBC0055DA52 /* FormTableViewCell.swift */; };
		ADC544522A03B6F40055DA52 /* PhotoCollectionViewCell.swift in Sources */ = {isa = PBXBuildFile; fileRef = ADC544512A03B6F40055DA52 /* PhotoCollectionViewCell.swift */; };
		ADC544542A03B76F0055DA52 /* ProfileInfoHeaderCollectionReusableView.swift in Sources */ = {isa = PBXBuildFile; fileRef = ADC544532A03B76F0055DA52 /* ProfileInfoHeaderCollectionReusableView.swift */; };
		ADC544562A03B7BB0055DA52 /* ProfileTabsCollectionReusableView.swift in Sources */ = {isa = PBXBuildFile; fileRef = ADC544552A03B7BB0055DA52 /* ProfileTabsCollectionReusableView.swift */; };
		ADF298A329FE4B0800009759 /* LoginViewController.swift in Sources */ = {isa = PBXBuildFile; fileRef = ADF298A229FE4B0800009759 /* LoginViewController.swift */; };
		ADF298A529FE4B7000009759 /* RegistrationViewController.swift in Sources */ = {isa = PBXBuildFile; fileRef = ADF298A429FE4B7000009759 /* RegistrationViewController.swift */; };
		ADF298A729FE4D9B00009759 /* DatabaseManager.swift in Sources */ = {isa = PBXBuildFile; fileRef = ADF298A629FE4D9B00009759 /* DatabaseManager.swift */; };
		ADF298A929FE4E5400009759 /* AuthManager.swift in Sources */ = {isa = PBXBuildFile; fileRef = ADF298A829FE4E5400009759 /* AuthManager.swift */; };
		ADF298AB29FE4E8300009759 /* StorageManager.swift in Sources */ = {isa = PBXBuildFile; fileRef = ADF298AA29FE4E8300009759 /* StorageManager.swift */; };
		ADF298AE29FE638B00009759 /* Extensions.swift in Sources */ = {isa = PBXBuildFile; fileRef = ADF298AD29FE638B00009759 /* Extensions.swift */; };
		ADF298C329FE802900009759 /* OFL.txt in Resources */ = {isa = PBXBuildFile; fileRef = ADF298C129FE802900009759 /* OFL.txt */; };
		ADF298C429FE802900009759 /* Cookie-Regular.ttf in Resources */ = {isa = PBXBuildFile; fileRef = ADF298C229FE802900009759 /* Cookie-Regular.ttf */; };
/* End PBXBuildFile section */

/* Begin PBXFileReference section */
		6A9ED9E5BFA2C20EC2A1AA96 /* Pods-Instagram-Clone.release.xcconfig */ = {isa = PBXFileReference; includeInIndex = 1; lastKnownFileType = text.xcconfig; name = "Pods-Instagram-Clone.release.xcconfig"; path = "Target Support Files/Pods-Instagram-Clone/Pods-Instagram-Clone.release.xcconfig"; sourceTree = "<group>"; };
		9A4262772EF0551651F3FC94 /* Pods-Instagram-Clone.debug.xcconfig */ = {isa = PBXFileReference; includeInIndex = 1; lastKnownFileType = text.xcconfig; name = "Pods-Instagram-Clone.debug.xcconfig"; path = "Target Support Files/Pods-Instagram-Clone/Pods-Instagram-Clone.debug.xcconfig"; sourceTree = "<group>"; };
		AD0BB4172A05846E00AEAECE /* Models.swift */ = {isa = PBXFileReference; lastKnownFileType = sourcecode.swift; path = Models.swift; sourceTree = "<group>"; };
		AD10F12A2A06ABAF00908303 /* NoNotificationsView.swift */ = {isa = PBXFileReference; lastKnownFileType = sourcecode.swift; path = NoNotificationsView.swift; sourceTree = "<group>"; };
		AD2BC13729FD034C007691EA /* Instagram-Clone.app */ = {isa = PBXFileReference; explicitFileType = wrapper.application; includeInIndex = 0; path = "Instagram-Clone.app"; sourceTree = BUILT_PRODUCTS_DIR; };
		AD2BC13A29FD034C007691EA /* AppDelegate.swift */ = {isa = PBXFileReference; lastKnownFileType = sourcecode.swift; path = AppDelegate.swift; sourceTree = "<group>"; };
		AD2BC13C29FD034C007691EA /* SceneDelegate.swift */ = {isa = PBXFileReference; lastKnownFileType = sourcecode.swift; path = SceneDelegate.swift; sourceTree = "<group>"; };
		AD2BC13E29FD034C007691EA /* HomeViewController.swift */ = {isa = PBXFileReference; lastKnownFileType = sourcecode.swift; path = HomeViewController.swift; sourceTree = "<group>"; };
		AD2BC14129FD034C007691EA /* Base */ = {isa = PBXFileReference; lastKnownFileType = file.storyboard; name = Base; path = Base.lproj/Main.storyboard; sourceTree = "<group>"; };
		AD2BC14329FD034D007691EA /* Assets.xcassets */ = {isa = PBXFileReference; lastKnownFileType = folder.assetcatalog; path = Assets.xcassets; sourceTree = "<group>"; };
		AD2BC14629FD034D007691EA /* Base */ = {isa = PBXFileReference; lastKnownFileType = file.storyboard; name = Base; path = Base.lproj/LaunchScreen.storyboard; sourceTree = "<group>"; };
		AD2BC14829FD034D007691EA /* Info.plist */ = {isa = PBXFileReference; lastKnownFileType = text.plist.xml; path = Info.plist; sourceTree = "<group>"; };
		AD2BC15329FD09CB007691EA /* ExploreViewController.swift */ = {isa = PBXFileReference; lastKnownFileType = sourcecode.swift; path = ExploreViewController.swift; sourceTree = "<group>"; };
		AD2BC15529FD09DE007691EA /* CameraViewController.swift */ = {isa = PBXFileReference; lastKnownFileType = sourcecode.swift; path = CameraViewController.swift; sourceTree = "<group>"; };
		AD2BC15729FD09F1007691EA /* NotificationViewController.swift */ = {isa = PBXFileReference; lastKnownFileType = sourcecode.swift; path = NotificationViewController.swift; sourceTree = "<group>"; };
		AD2BC15929FD0A01007691EA /* ProfileViewController.swift */ = {isa = PBXFileReference; lastKnownFileType = sourcecode.swift; path = ProfileViewController.swift; sourceTree = "<group>"; };
		AD2BC15E29FD0A69007691EA /* PostViewController.swift */ = {isa = PBXFileReference; lastKnownFileType = sourcecode.swift; path = PostViewController.swift; sourceTree = "<group>"; };
		AD2BC16029FD0A86007691EA /* EditProfileViewController.swift */ = {isa = PBXFileReference; lastKnownFileType = sourcecode.swift; path = EditProfileViewController.swift; sourceTree = "<group>"; };
		AD2BC16229FD0A96007691EA /* SettingsViewController.swift */ = {isa = PBXFileReference; lastKnownFileType = sourcecode.swift; path = SettingsViewController.swift; sourceTree = "<group>"; };
		AD2BC16429FD0AA8007691EA /* ListViewController.swift */ = {isa = PBXFileReference; lastKnownFileType = sourcecode.swift; path = ListViewController.swift; sourceTree = "<group>"; };
		AD2BC16629FD0AB8007691EA /* SearchViewController.swift */ = {isa = PBXFileReference; lastKnownFileType = sourcecode.swift; path = SearchViewController.swift; sourceTree = "<group>"; };
		AD2BC16829FD0AC7007691EA /* SearchResultViewController.swift */ = {isa = PBXFileReference; lastKnownFileType = sourcecode.swift; path = SearchResultViewController.swift; sourceTree = "<group>"; };
		AD2BC16A29FD0AE1007691EA /* PostEditorViewController.swift */ = {isa = PBXFileReference; lastKnownFileType = sourcecode.swift; path = PostEditorViewController.swift; sourceTree = "<group>"; };
		AD2BC16C29FD0AFE007691EA /* PublishPostViewController.swift */ = {isa = PBXFileReference; lastKnownFileType = sourcecode.swift; path = PublishPostViewController.swift; sourceTree = "<group>"; };
		AD2BC16E29FD0FA0007691EA /* GoogleService-Info.plist */ = {isa = PBXFileReference; fileEncoding = 4; lastKnownFileType = text.plist.xml; path = "GoogleService-Info.plist"; sourceTree = "<group>"; };
		AD52C0262A02D6450063A36D /* FeedPostTableViewCell.swift */ = {isa = PBXFileReference; lastKnownFileType = sourcecode.swift; path = FeedPostTableViewCell.swift; sourceTree = "<group>"; };
		AD52C02A2A02D7BF0063A36D /* FeedPostHeaderTableViewCell.swift */ = {isa = PBXFileReference; lastKnownFileType = sourcecode.swift; path = FeedPostHeaderTableViewCell.swift; sourceTree = "<group>"; };
		AD52C02C2A02D7DC0063A36D /* FeedPostActionsTableViewCell.swift */ = {isa = PBXFileReference; lastKnownFileType = sourcecode.swift; path = FeedPostActionsTableViewCell.swift; sourceTree = "<group>"; };
		AD52C02E2A02D8120063A36D /* FeedPostGeneralTableViewCell.swift */ = {isa = PBXFileReference; lastKnownFileType = sourcecode.swift; path = FeedPostGeneralTableViewCell.swift; sourceTree = "<group>"; };
		AD966C9F2A07D88A00A5FF43 /* NotificationFollowTableViewCell.swift */ = {isa = PBXFileReference; lastKnownFileType = sourcecode.swift; path = NotificationFollowTableViewCell.swift; sourceTree = "<group>"; };
		AD966CA12A07D8B300A5FF43 /* NotificationLikeTableViewCell.swift */ = {isa = PBXFileReference; lastKnownFileType = sourcecode.swift; path = NotificationLikeTableViewCell.swift; sourceTree = "<group>"; };
		ADA9C0BF2A0680D1002D5709 /* UserFollowTableViewCell.swift */ = {isa = PBXFileReference; lastKnownFileType = sourcecode.swift; path = UserFollowTableViewCell.swift; sourceTree = "<group>"; };
		ADC5444E2A03ADBC0055DA52 /* FormTableViewCell.swift */ = {isa = PBXFileReference; lastKnownFileType = sourcecode.swift; path = FormTableViewCell.swift; sourceTree = "<group>"; };
		ADC544512A03B6F40055DA52 /* PhotoCollectionViewCell.swift */ = {isa = PBXFileReference; lastKnownFileType = sourcecode.swift; path = PhotoCollectionViewCell.swift; sourceTree = "<group>"; };
		ADC544532A03B76F0055DA52 /* ProfileInfoHeaderCollectionReusableView.swift */ = {isa = PBXFileReference; lastKnownFileType = sourcecode.swift; path = ProfileInfoHeaderCollectionReusableView.swift; sourceTree = "<group>"; };
		ADC544552A03B7BB0055DA52 /* ProfileTabsCollectionReusableView.swift */ = {isa = PBXFileReference; lastKnownFileType = sourcecode.swift; path = ProfileTabsCollectionReusableView.swift; sourceTree = "<group>"; };
		ADF298A229FE4B0800009759 /* LoginViewController.swift */ = {isa = PBXFileReference; lastKnownFileType = sourcecode.swift; path = LoginViewController.swift; sourceTree = "<group>"; };
		ADF298A429FE4B7000009759 /* RegistrationViewController.swift */ = {isa = PBXFileReference; lastKnownFileType = sourcecode.swift; path = RegistrationViewController.swift; sourceTree = "<group>"; };
		ADF298A629FE4D9B00009759 /* DatabaseManager.swift */ = {isa = PBXFileReference; lastKnownFileType = sourcecode.swift; path = DatabaseManager.swift; sourceTree = "<group>"; };
		ADF298A829FE4E5400009759 /* AuthManager.swift */ = {isa = PBXFileReference; lastKnownFileType = sourcecode.swift; path = AuthManager.swift; sourceTree = "<group>"; };
		ADF298AA29FE4E8300009759 /* StorageManager.swift */ = {isa = PBXFileReference; lastKnownFileType = sourcecode.swift; path = StorageManager.swift; sourceTree = "<group>"; };
		ADF298AD29FE638B00009759 /* Extensions.swift */ = {isa = PBXFileReference; lastKnownFileType = sourcecode.swift; path = Extensions.swift; sourceTree = "<group>"; };
		ADF298C129FE802900009759 /* OFL.txt */ = {isa = PBXFileReference; fileEncoding = 4; lastKnownFileType = text; path = OFL.txt; sourceTree = "<group>"; };
		ADF298C229FE802900009759 /* Cookie-Regular.ttf */ = {isa = PBXFileReference; lastKnownFileType = file; path = "Cookie-Regular.ttf"; sourceTree = "<group>"; };
		C223E192C369E046B8E7A360 /* Pods_Instagram_Clone.framework */ = {isa = PBXFileReference; explicitFileType = wrapper.framework; includeInIndex = 0; path = Pods_Instagram_Clone.framework; sourceTree = BUILT_PRODUCTS_DIR; };
/* End PBXFileReference section */

/* Begin PBXFrameworksBuildPhase section */
		AD2BC13429FD034C007691EA /* Frameworks */ = {
			isa = PBXFrameworksBuildPhase;
			buildActionMask = 2147483647;
			files = (
				987CAB8605CD43C74EF39B63 /* Pods_Instagram_Clone.framework in Frameworks */,
			);
			runOnlyForDeploymentPostprocessing = 0;
		};
/* End PBXFrameworksBuildPhase section */

/* Begin PBXGroup section */
		01ED8903E5CE1CA06C9539FE /* Pods */ = {
			isa = PBXGroup;
			children = (
				9A4262772EF0551651F3FC94 /* Pods-Instagram-Clone.debug.xcconfig */,
				6A9ED9E5BFA2C20EC2A1AA96 /* Pods-Instagram-Clone.release.xcconfig */,
			);
			path = Pods;
			sourceTree = "<group>";
		};
		866568080986986E5500C0A9 /* Frameworks */ = {
			isa = PBXGroup;
			children = (
				C223E192C369E046B8E7A360 /* Pods_Instagram_Clone.framework */,
			);
			name = Frameworks;
			sourceTree = "<group>";
		};
		AD2BC12E29FD034C007691EA = {
			isa = PBXGroup;
			children = (
				AD2BC13929FD034C007691EA /* Instagram-Clone */,
				AD2BC13829FD034C007691EA /* Products */,
				01ED8903E5CE1CA06C9539FE /* Pods */,
				866568080986986E5500C0A9 /* Frameworks */,
			);
			sourceTree = "<group>";
		};
		AD2BC13829FD034C007691EA /* Products */ = {
			isa = PBXGroup;
			children = (
				AD2BC13729FD034C007691EA /* Instagram-Clone.app */,
			);
			name = Products;
			sourceTree = "<group>";
		};
		AD2BC13929FD034C007691EA /* Instagram-Clone */ = {
			isa = PBXGroup;
			children = (
				AD2BC15129FD08D4007691EA /* Resources */,
				AD2BC15029FD08CD007691EA /* Models */,
				AD2BC14F29FD08C7007691EA /* Views */,
				AD2BC14E29FD08BB007691EA /* Controllers */,
				AD2BC14829FD034D007691EA /* Info.plist */,
			);
			path = "Instagram-Clone";
			sourceTree = "<group>";
		};
		AD2BC14E29FD08BB007691EA /* Controllers */ = {
			isa = PBXGroup;
			children = (
				AD2BC15C29FD0A2C007691EA /* Other */,
				AD2BC15B29FD0A06007691EA /* CoreTabs */,
			);
			path = Controllers;
			sourceTree = "<group>";
		};
		AD2BC14F29FD08C7007691EA /* Views */ = {
			isa = PBXGroup;
			children = (
				ADC544502A03B67D0055DA52 /* CollectionView Headers */,
				AD52C0282A02D64B0063A36D /* Cells */,
				AD2BC15229FD0931007691EA /* Storyboards */,
				AD10F12A2A06ABAF00908303 /* NoNotificationsView.swift */,
			);
			path = Views;
			sourceTree = "<group>";
		};
		AD2BC15029FD08CD007691EA /* Models */ = {
			isa = PBXGroup;
			children = (
				AD0BB4172A05846E00AEAECE /* Models.swift */,
			);
			path = Models;
			sourceTree = "<group>";
		};
		AD2BC15129FD08D4007691EA /* Resources */ = {
			isa = PBXGroup;
			children = (
				ADF298AF29FE7AE900009759 /* Fonts */,
				AD2BC16E29FD0FA0007691EA /* GoogleService-Info.plist */,
				AD2BC14329FD034D007691EA /* Assets.xcassets */,
				AD2BC13A29FD034C007691EA /* AppDelegate.swift */,
				AD2BC13C29FD034C007691EA /* SceneDelegate.swift */,
				ADF298A629FE4D9B00009759 /* DatabaseManager.swift */,
				ADF298A829FE4E5400009759 /* AuthManager.swift */,
				ADF298AA29FE4E8300009759 /* StorageManager.swift */,
				ADF298AD29FE638B00009759 /* Extensions.swift */,
			);
			path = Resources;
			sourceTree = "<group>";
		};
		AD2BC15229FD0931007691EA /* Storyboards */ = {
			isa = PBXGroup;
			children = (
				AD2BC14029FD034C007691EA /* Main.storyboard */,
				AD2BC14529FD034D007691EA /* LaunchScreen.storyboard */,
			);
			path = Storyboards;
			sourceTree = "<group>";
		};
		AD2BC15B29FD0A06007691EA /* CoreTabs */ = {
			isa = PBXGroup;
			children = (
				AD2BC13E29FD034C007691EA /* HomeViewController.swift */,
				AD2BC15329FD09CB007691EA /* ExploreViewController.swift */,
				AD2BC15529FD09DE007691EA /* CameraViewController.swift */,
				AD2BC15729FD09F1007691EA /* NotificationViewController.swift */,
				AD2BC15929FD0A01007691EA /* ProfileViewController.swift */,
			);
			path = CoreTabs;
			sourceTree = "<group>";
		};
		AD2BC15C29FD0A2C007691EA /* Other */ = {
			isa = PBXGroup;
			children = (
				AD2BC15D29FD0A4E007691EA /* On-Boarding */,
				ADF298AC29FE505E00009759 /* General */,
			);
			path = Other;
			sourceTree = "<group>";
		};
		AD2BC15D29FD0A4E007691EA /* On-Boarding */ = {
			isa = PBXGroup;
			children = (
				ADF298A229FE4B0800009759 /* LoginViewController.swift */,
				ADF298A429FE4B7000009759 /* RegistrationViewController.swift */,
			);
			path = "On-Boarding";
			sourceTree = "<group>";
		};
		AD52C0282A02D64B0063A36D /* Cells */ = {
			isa = PBXGroup;
			children = (
				AD966C9E2A07D86300A5FF43 /* Notifications */,
				AD52C0292A02D7970063A36D /* Home Feed */,
				ADC5444E2A03ADBC0055DA52 /* FormTableViewCell.swift */,
				ADC544512A03B6F40055DA52 /* PhotoCollectionViewCell.swift */,
				ADA9C0BF2A0680D1002D5709 /* UserFollowTableViewCell.swift */,
			);
			path = Cells;
			sourceTree = "<group>";
		};
		AD52C0292A02D7970063A36D /* Home Feed */ = {
			isa = PBXGroup;
			children = (
				AD52C0262A02D6450063A36D /* FeedPostTableViewCell.swift */,
				AD52C02A2A02D7BF0063A36D /* FeedPostHeaderTableViewCell.swift */,
				AD52C02C2A02D7DC0063A36D /* FeedPostActionsTableViewCell.swift */,
				AD52C02E2A02D8120063A36D /* FeedPostGeneralTableViewCell.swift */,
			);
			path = "Home Feed";
			sourceTree = "<group>";
		};
		AD966C9E2A07D86300A5FF43 /* Notifications */ = {
			isa = PBXGroup;
			children = (
				AD966C9F2A07D88A00A5FF43 /* NotificationFollowTableViewCell.swift */,
				AD966CA12A07D8B300A5FF43 /* NotificationLikeTableViewCell.swift */,
			);
			path = Notifications;
			sourceTree = "<group>";
		};
		ADC544502A03B67D0055DA52 /* CollectionView Headers */ = {
			isa = PBXGroup;
			children = (
				ADC544532A03B76F0055DA52 /* ProfileInfoHeaderCollectionReusableView.swift */,
				ADC544552A03B7BB0055DA52 /* ProfileTabsCollectionReusableView.swift */,
			);
			path = "CollectionView Headers";
			sourceTree = "<group>";
		};
		ADF298AC29FE505E00009759 /* General */ = {
			isa = PBXGroup;
			children = (
				AD2BC16229FD0A96007691EA /* SettingsViewController.swift */,
				AD2BC15E29FD0A69007691EA /* PostViewController.swift */,
				AD2BC16029FD0A86007691EA /* EditProfileViewController.swift */,
				AD2BC16829FD0AC7007691EA /* SearchResultViewController.swift */,
				AD2BC16429FD0AA8007691EA /* ListViewController.swift */,
				AD2BC16629FD0AB8007691EA /* SearchViewController.swift */,
				AD2BC16A29FD0AE1007691EA /* PostEditorViewController.swift */,
				AD2BC16C29FD0AFE007691EA /* PublishPostViewController.swift */,
			);
			path = General;
			sourceTree = "<group>";
		};
		ADF298AF29FE7AE900009759 /* Fonts */ = {
			isa = PBXGroup;
			children = (
				ADF298C029FE802900009759 /* Cookie */,
			);
			path = Fonts;
			sourceTree = "<group>";
		};
		ADF298C029FE802900009759 /* Cookie */ = {
			isa = PBXGroup;
			children = (
				ADF298C129FE802900009759 /* OFL.txt */,
				ADF298C229FE802900009759 /* Cookie-Regular.ttf */,
			);
			path = Cookie;
			sourceTree = "<group>";
		};
/* End PBXGroup section */

/* Begin PBXNativeTarget section */
		AD2BC13629FD034C007691EA /* Instagram-Clone */ = {
			isa = PBXNativeTarget;
			buildConfigurationList = AD2BC14B29FD034D007691EA /* Build configuration list for PBXNativeTarget "Instagram-Clone" */;
			buildPhases = (
				28BED26031DB3F935ACD421F /* [CP] Check Pods Manifest.lock */,
				AD2BC13329FD034C007691EA /* Sources */,
				AD2BC13429FD034C007691EA /* Frameworks */,
				AD2BC13529FD034C007691EA /* Resources */,
				C8B787582FF32137DB4C810D /* [CP] Embed Pods Frameworks */,
			);
			buildRules = (
			);
			dependencies = (
			);
			name = "Instagram-Clone";
			productName = "Instagram-Clone";
			productReference = AD2BC13729FD034C007691EA /* Instagram-Clone.app */;
			productType = "com.apple.product-type.application";
		};
/* End PBXNativeTarget section */

/* Begin PBXProject section */
		AD2BC12F29FD034C007691EA /* Project object */ = {
			isa = PBXProject;
			attributes = {
				BuildIndependentTargetsInParallel = 1;
				LastSwiftUpdateCheck = 1420;
				LastUpgradeCheck = 1420;
				TargetAttributes = {
					AD2BC13629FD034C007691EA = {
						CreatedOnToolsVersion = 14.2;
					};
				};
			};
			buildConfigurationList = AD2BC13229FD034C007691EA /* Build configuration list for PBXProject "Instagram-Clone" */;
			compatibilityVersion = "Xcode 14.0";
			developmentRegion = en;
			hasScannedForEncodings = 0;
			knownRegions = (
				en,
				Base,
			);
			mainGroup = AD2BC12E29FD034C007691EA;
			productRefGroup = AD2BC13829FD034C007691EA /* Products */;
			projectDirPath = "";
			projectRoot = "";
			targets = (
				AD2BC13629FD034C007691EA /* Instagram-Clone */,
			);
		};
/* End PBXProject section */

/* Begin PBXResourcesBuildPhase section */
		AD2BC13529FD034C007691EA /* Resources */ = {
			isa = PBXResourcesBuildPhase;
			buildActionMask = 2147483647;
			files = (
				ADF298C329FE802900009759 /* OFL.txt in Resources */,
				AD2BC14729FD034D007691EA /* LaunchScreen.storyboard in Resources */,
				AD2BC14429FD034D007691EA /* Assets.xcassets in Resources */,
				AD2BC14229FD034C007691EA /* Main.storyboard in Resources */,
				AD2BC16F29FD0FA0007691EA /* GoogleService-Info.plist in Resources */,
				ADF298C429FE802900009759 /* Cookie-Regular.ttf in Resources */,
			);
			runOnlyForDeploymentPostprocessing = 0;
		};
/* End PBXResourcesBuildPhase section */

/* Begin PBXShellScriptBuildPhase section */
		28BED26031DB3F935ACD421F /* [CP] Check Pods Manifest.lock */ = {
			isa = PBXShellScriptBuildPhase;
			buildActionMask = 2147483647;
			files = (
			);
			inputFileListPaths = (
			);
			inputPaths = (
				"${PODS_PODFILE_DIR_PATH}/Podfile.lock",
				"${PODS_ROOT}/Manifest.lock",
			);
			name = "[CP] Check Pods Manifest.lock";
			outputFileListPaths = (
			);
			outputPaths = (
				"$(DERIVED_FILE_DIR)/Pods-Instagram-Clone-checkManifestLockResult.txt",
			);
			runOnlyForDeploymentPostprocessing = 0;
			shellPath = /bin/sh;
			shellScript = "diff \"${PODS_PODFILE_DIR_PATH}/Podfile.lock\" \"${PODS_ROOT}/Manifest.lock\" > /dev/null\nif [ $? != 0 ] ; then\n    # print error to STDERR\n    echo \"error: The sandbox is not in sync with the Podfile.lock. Run 'pod install' or update your CocoaPods installation.\" >&2\n    exit 1\nfi\n# This output is used by Xcode 'outputs' to avoid re-running this script phase.\necho \"SUCCESS\" > \"${SCRIPT_OUTPUT_FILE_0}\"\n";
			showEnvVarsInLog = 0;
		};
		C8B787582FF32137DB4C810D /* [CP] Embed Pods Frameworks */ = {
			isa = PBXShellScriptBuildPhase;
			buildActionMask = 2147483647;
			files = (
			);
			inputFileListPaths = (
				"${PODS_ROOT}/Target Support Files/Pods-Instagram-Clone/Pods-Instagram-Clone-frameworks-${CONFIGURATION}-input-files.xcfilelist",
			);
			name = "[CP] Embed Pods Frameworks";
			outputFileListPaths = (
				"${PODS_ROOT}/Target Support Files/Pods-Instagram-Clone/Pods-Instagram-Clone-frameworks-${CONFIGURATION}-output-files.xcfilelist",
			);
			runOnlyForDeploymentPostprocessing = 0;
			shellPath = /bin/sh;
			shellScript = "\"${PODS_ROOT}/Target Support Files/Pods-Instagram-Clone/Pods-Instagram-Clone-frameworks.sh\"\n";
			showEnvVarsInLog = 0;
		};
/* End PBXShellScriptBuildPhase section */

/* Begin PBXSourcesBuildPhase section */
		AD2BC13329FD034C007691EA /* Sources */ = {
			isa = PBXSourcesBuildPhase;
			buildActionMask = 2147483647;
			files = (
				AD2BC15F29FD0A69007691EA /* PostViewController.swift in Sources */,
				AD2BC16B29FD0AE1007691EA /* PostEditorViewController.swift in Sources */,
				AD2BC15429FD09CB007691EA /* ExploreViewController.swift in Sources */,
				AD2BC15629FD09DE007691EA /* CameraViewController.swift in Sources */,
				AD2BC16329FD0A96007691EA /* SettingsViewController.swift in Sources */,
				AD2BC15829FD09F1007691EA /* NotificationViewController.swift in Sources */,
				AD10F12B2A06ABAF00908303 /* NoNotificationsView.swift in Sources */,
				AD966CA22A07D8B300A5FF43 /* NotificationLikeTableViewCell.swift in Sources */,
				AD2BC16529FD0AA8007691EA /* ListViewController.swift in Sources */,
				ADF298AB29FE4E8300009759 /* StorageManager.swift in Sources */,
				AD2BC16729FD0AB8007691EA /* SearchViewController.swift in Sources */,
				AD966CA02A07D88A00A5FF43 /* NotificationFollowTableViewCell.swift in Sources */,
				ADA9C0C02A0680D1002D5709 /* UserFollowTableViewCell.swift in Sources */,
				AD0BB4182A05846E00AEAECE /* Models.swift in Sources */,
				ADC5444F2A03ADBC0055DA52 /* FormTableViewCell.swift in Sources */,
				AD52C0272A02D6450063A36D /* FeedPostTableViewCell.swift in Sources */,
				ADC544562A03B7BB0055DA52 /* ProfileTabsCollectionReusableView.swift in Sources */,
				ADF298A729FE4D9B00009759 /* DatabaseManager.swift in Sources */,
				ADF298A529FE4B7000009759 /* RegistrationViewController.swift in Sources */,
				AD2BC13F29FD034C007691EA /* HomeViewController.swift in Sources */,
				ADC544522A03B6F40055DA52 /* PhotoCollectionViewCell.swift in Sources */,
				AD2BC15A29FD0A01007691EA /* ProfileViewController.swift in Sources */,
				ADF298AE29FE638B00009759 /* Extensions.swift in Sources */,
				AD52C02D2A02D7DC0063A36D /* FeedPostActionsTableViewCell.swift in Sources */,
				AD2BC16D29FD0AFE007691EA /* PublishPostViewController.swift in Sources */,
				AD2BC13B29FD034C007691EA /* AppDelegate.swift in Sources */,
				ADC544542A03B76F0055DA52 /* ProfileInfoHeaderCollectionReusableView.swift in Sources */,
				ADF298A929FE4E5400009759 /* AuthManager.swift in Sources */,
				AD52C02F2A02D8120063A36D /* FeedPostGeneralTableViewCell.swift in Sources */,
				ADF298A329FE4B0800009759 /* LoginViewController.swift in Sources */,
				AD2BC13D29FD034C007691EA /* SceneDelegate.swift in Sources */,
				AD2BC16929FD0AC7007691EA /* SearchResultViewController.swift in Sources */,
				AD2BC16129FD0A86007691EA /* EditProfileViewController.swift in Sources */,
				AD52C02B2A02D7BF0063A36D /* FeedPostHeaderTableViewCell.swift in Sources */,
			);
			runOnlyForDeploymentPostprocessing = 0;
		};
/* End PBXSourcesBuildPhase section */

/* Begin PBXVariantGroup section */
		AD2BC14029FD034C007691EA /* Main.storyboard */ = {
			isa = PBXVariantGroup;
			children = (
				AD2BC14129FD034C007691EA /* Base */,
			);
			name = Main.storyboard;
			sourceTree = "<group>";
		};
		AD2BC14529FD034D007691EA /* LaunchScreen.storyboard */ = {
			isa = PBXVariantGroup;
			children = (
				AD2BC14629FD034D007691EA /* Base */,
			);
			name = LaunchScreen.storyboard;
			sourceTree = "<group>";
		};
/* End PBXVariantGroup section */

/* Begin XCBuildConfiguration section */
		AD2BC14929FD034D007691EA /* Debug */ = {
			isa = XCBuildConfiguration;
			buildSettings = {
				ALWAYS_SEARCH_USER_PATHS = NO;
				CLANG_ANALYZER_NONNULL = YES;
				CLANG_ANALYZER_NUMBER_OBJECT_CONVERSION = YES_AGGRESSIVE;
				CLANG_CXX_LANGUAGE_STANDARD = "gnu++20";
				CLANG_ENABLE_MODULES = YES;
				CLANG_ENABLE_OBJC_ARC = YES;
				CLANG_ENABLE_OBJC_WEAK = YES;
				CLANG_WARN_BLOCK_CAPTURE_AUTORELEASING = YES;
				CLANG_WARN_BOOL_CONVERSION = YES;
				CLANG_WARN_COMMA = YES;
				CLANG_WARN_CONSTANT_CONVERSION = YES;
				CLANG_WARN_DEPRECATED_OBJC_IMPLEMENTATIONS = YES;
				CLANG_WARN_DIRECT_OBJC_ISA_USAGE = YES_ERROR;
				CLANG_WARN_DOCUMENTATION_COMMENTS = YES;
				CLANG_WARN_EMPTY_BODY = YES;
				CLANG_WARN_ENUM_CONVERSION = YES;
				CLANG_WARN_INFINITE_RECURSION = YES;
				CLANG_WARN_INT_CONVERSION = YES;
				CLANG_WARN_NON_LITERAL_NULL_CONVERSION = YES;
				CLANG_WARN_OBJC_IMPLICIT_RETAIN_SELF = YES;
				CLANG_WARN_OBJC_LITERAL_CONVERSION = YES;
				CLANG_WARN_OBJC_ROOT_CLASS = YES_ERROR;
				CLANG_WARN_QUOTED_INCLUDE_IN_FRAMEWORK_HEADER = YES;
				CLANG_WARN_RANGE_LOOP_ANALYSIS = YES;
				CLANG_WARN_STRICT_PROTOTYPES = YES;
				CLANG_WARN_SUSPICIOUS_MOVE = YES;
				CLANG_WARN_UNGUARDED_AVAILABILITY = YES_AGGRESSIVE;
				CLANG_WARN_UNREACHABLE_CODE = YES;
				CLANG_WARN__DUPLICATE_METHOD_MATCH = YES;
				COPY_PHASE_STRIP = NO;
				DEBUG_INFORMATION_FORMAT = dwarf;
				ENABLE_STRICT_OBJC_MSGSEND = YES;
				ENABLE_TESTABILITY = YES;
				GCC_C_LANGUAGE_STANDARD = gnu11;
				GCC_DYNAMIC_NO_PIC = NO;
				GCC_NO_COMMON_BLOCKS = YES;
				GCC_OPTIMIZATION_LEVEL = 0;
				GCC_PREPROCESSOR_DEFINITIONS = (
					"DEBUG=1",
					"$(inherited)",
				);
				GCC_WARN_64_TO_32_BIT_CONVERSION = YES;
				GCC_WARN_ABOUT_RETURN_TYPE = YES_ERROR;
				GCC_WARN_UNDECLARED_SELECTOR = YES;
				GCC_WARN_UNINITIALIZED_AUTOS = YES_AGGRESSIVE;
				GCC_WARN_UNUSED_FUNCTION = YES;
				GCC_WARN_UNUSED_VARIABLE = YES;
				IPHONEOS_DEPLOYMENT_TARGET = 16.2;
				MTL_ENABLE_DEBUG_INFO = INCLUDE_SOURCE;
				MTL_FAST_MATH = YES;
				ONLY_ACTIVE_ARCH = YES;
				SDKROOT = iphoneos;
				SWIFT_ACTIVE_COMPILATION_CONDITIONS = DEBUG;
				SWIFT_OPTIMIZATION_LEVEL = "-Onone";
			};
			name = Debug;
		};
		AD2BC14A29FD034D007691EA /* Release */ = {
			isa = XCBuildConfiguration;
			buildSettings = {
				ALWAYS_SEARCH_USER_PATHS = NO;
				CLANG_ANALYZER_NONNULL = YES;
				CLANG_ANALYZER_NUMBER_OBJECT_CONVERSION = YES_AGGRESSIVE;
				CLANG_CXX_LANGUAGE_STANDARD = "gnu++20";
				CLANG_ENABLE_MODULES = YES;
				CLANG_ENABLE_OBJC_ARC = YES;
				CLANG_ENABLE_OBJC_WEAK = YES;
				CLANG_WARN_BLOCK_CAPTURE_AUTORELEASING = YES;
				CLANG_WARN_BOOL_CONVERSION = YES;
				CLANG_WARN_COMMA = YES;
				CLANG_WARN_CONSTANT_CONVERSION = YES;
				CLANG_WARN_DEPRECATED_OBJC_IMPLEMENTATIONS = YES;
				CLANG_WARN_DIRECT_OBJC_ISA_USAGE = YES_ERROR;
				CLANG_WARN_DOCUMENTATION_COMMENTS = YES;
				CLANG_WARN_EMPTY_BODY = YES;
				CLANG_WARN_ENUM_CONVERSION = YES;
				CLANG_WARN_INFINITE_RECURSION = YES;
				CLANG_WARN_INT_CONVERSION = YES;
				CLANG_WARN_NON_LITERAL_NULL_CONVERSION = YES;
				CLANG_WARN_OBJC_IMPLICIT_RETAIN_SELF = YES;
				CLANG_WARN_OBJC_LITERAL_CONVERSION = YES;
				CLANG_WARN_OBJC_ROOT_CLASS = YES_ERROR;
				CLANG_WARN_QUOTED_INCLUDE_IN_FRAMEWORK_HEADER = YES;
				CLANG_WARN_RANGE_LOOP_ANALYSIS = YES;
				CLANG_WARN_STRICT_PROTOTYPES = YES;
				CLANG_WARN_SUSPICIOUS_MOVE = YES;
				CLANG_WARN_UNGUARDED_AVAILABILITY = YES_AGGRESSIVE;
				CLANG_WARN_UNREACHABLE_CODE = YES;
				CLANG_WARN__DUPLICATE_METHOD_MATCH = YES;
				COPY_PHASE_STRIP = NO;
				DEBUG_INFORMATION_FORMAT = "dwarf-with-dsym";
				ENABLE_NS_ASSERTIONS = NO;
				ENABLE_STRICT_OBJC_MSGSEND = YES;
				GCC_C_LANGUAGE_STANDARD = gnu11;
				GCC_NO_COMMON_BLOCKS = YES;
				GCC_WARN_64_TO_32_BIT_CONVERSION = YES;
				GCC_WARN_ABOUT_RETURN_TYPE = YES_ERROR;
				GCC_WARN_UNDECLARED_SELECTOR = YES;
				GCC_WARN_UNINITIALIZED_AUTOS = YES_AGGRESSIVE;
				GCC_WARN_UNUSED_FUNCTION = YES;
				GCC_WARN_UNUSED_VARIABLE = YES;
				IPHONEOS_DEPLOYMENT_TARGET = 16.2;
				MTL_ENABLE_DEBUG_INFO = NO;
				MTL_FAST_MATH = YES;
				SDKROOT = iphoneos;
				SWIFT_COMPILATION_MODE = wholemodule;
				SWIFT_OPTIMIZATION_LEVEL = "-O";
				VALIDATE_PRODUCT = YES;
			};
			name = Release;
		};
		AD2BC14C29FD034D007691EA /* Debug */ = {
			isa = XCBuildConfiguration;
			baseConfigurationReference = 9A4262772EF0551651F3FC94 /* Pods-Instagram-Clone.debug.xcconfig */;
			buildSettings = {
				ASSETCATALOG_COMPILER_APPICON_NAME = AppIcon;
				ASSETCATALOG_COMPILER_GLOBAL_ACCENT_COLOR_NAME = AccentColor;
				CODE_SIGN_STYLE = Automatic;
				CURRENT_PROJECT_VERSION = 1;
				DEVELOPMENT_TEAM = 92M23D65YY;
				GENERATE_INFOPLIST_FILE = YES;
				INFOPLIST_FILE = "Instagram-Clone/Info.plist";
				INFOPLIST_KEY_UIApplicationSupportsIndirectInputEvents = YES;
				INFOPLIST_KEY_UILaunchStoryboardName = LaunchScreen;
				INFOPLIST_KEY_UIMainStoryboardFile = Main;
				INFOPLIST_KEY_UISupportedInterfaceOrientations = UIInterfaceOrientationPortrait;
				LD_RUNPATH_SEARCH_PATHS = (
					"$(inherited)",
					"@executable_path/Frameworks",
				);
				MARKETING_VERSION = 1.0;
				PRODUCT_BUNDLE_IDENTIFIER = "com.akbarshah.Instagram-Clone";
				PRODUCT_NAME = "$(TARGET_NAME)";
				SWIFT_EMIT_LOC_STRINGS = YES;
				SWIFT_VERSION = 5.0;
				TARGETED_DEVICE_FAMILY = "1,2";
			};
			name = Debug;
		};
		AD2BC14D29FD034D007691EA /* Release */ = {
			isa = XCBuildConfiguration;
			baseConfigurationReference = 6A9ED9E5BFA2C20EC2A1AA96 /* Pods-Instagram-Clone.release.xcconfig */;
			buildSettings = {
				ASSETCATALOG_COMPILER_APPICON_NAME = AppIcon;
				ASSETCATALOG_COMPILER_GLOBAL_ACCENT_COLOR_NAME = AccentColor;
				CODE_SIGN_STYLE = Automatic;
				CURRENT_PROJECT_VERSION = 1;
				DEVELOPMENT_TEAM = 92M23D65YY;
				GENERATE_INFOPLIST_FILE = YES;
				INFOPLIST_FILE = "Instagram-Clone/Info.plist";
				INFOPLIST_KEY_UIApplicationSupportsIndirectInputEvents = YES;
				INFOPLIST_KEY_UILaunchStoryboardName = LaunchScreen;
				INFOPLIST_KEY_UIMainStoryboardFile = Main;
				INFOPLIST_KEY_UISupportedInterfaceOrientations = UIInterfaceOrientationPortrait;
				LD_RUNPATH_SEARCH_PATHS = (
					"$(inherited)",
					"@executable_path/Frameworks",
				);
				MARKETING_VERSION = 1.0;
				PRODUCT_BUNDLE_IDENTIFIER = "com.akbarshah.Instagram-Clone";
				PRODUCT_NAME = "$(TARGET_NAME)";
				SWIFT_EMIT_LOC_STRINGS = YES;
				SWIFT_VERSION = 5.0;
				TARGETED_DEVICE_FAMILY = "1,2";
			};
			name = Release;
		};
/* End XCBuildConfiguration section */

/* Begin XCConfigurationList section */
		AD2BC13229FD034C007691EA /* Build configuration list for PBXProject "Instagram-Clone" */ = {
			isa = XCConfigurationList;
			buildConfigurations = (
				AD2BC14929FD034D007691EA /* Debug */,
				AD2BC14A29FD034D007691EA /* Release */,
			);
			defaultConfigurationIsVisible = 0;
			defaultConfigurationName = Release;
		};
		AD2BC14B29FD034D007691EA /* Build configuration list for PBXNativeTarget "Instagram-Clone" */ = {
			isa = XCConfigurationList;
			buildConfigurations = (
				AD2BC14C29FD034D007691EA /* Debug */,
				AD2BC14D29FD034D007691EA /* Release */,
			);
			defaultConfigurationIsVisible = 0;
			defaultConfigurationName = Release;
		};
/* End XCConfigurationList section */
	};
	rootObject = AD2BC12F29FD034C007691EA /* Project object */;
}
